
Microsoft Visual Studio Solution File, Format Version 12.00
# Visual Studio Version 17
VisualStudioVersion = 17.14.36414.22
MinimumVisualStudioVersion = 10.0.40219.1
Project("{FAE04EC0-301F-11D3-BF4B-00C04F79EFBC}") = "steamposters", "steamposters.csproj", "{E71F1B60-4C00-48AF-9DC1-737B71E1DB59}"
EndProject
Project("{FAE04EC0-301F-11D3-BF4B-00C04F79EFBC}") = "SteamPosters.Core", "..\SteamPosters.Core\SteamPosters.Core.csproj", "{FCD872A2-748A-40AC-88D2-AE9118DC6A66}"
EndProject
Project("{FAE04EC0-301F-11D3-BF4B-00C04F79EFBC}") = "SteamPosters.Core.Tests", "..\SteamPosters.Core.Tests\SteamPosters.Core.Tests.csproj", "{07D1F550-1F50-4235-B865-B0A308A274EA}"
EndProject
Project("{FAE04EC0-301F-11D3-BF4B-00C04F79EFBC}") = "SteamPosters.Artwork", "..\SteamPosters.Artwork\SteamPosters.Artwork.csproj", "{4B8AC9EF-F53F-4194-A2E7-E3E82A323060}"
EndProject
Project("{FAE04EC0-301F-11D3-BF4B-00C04F79EFBC}") = "SteamPosters.Artwork.Tests", "..\SteamPosters.Artwork.Tests\SteamPosters.Artwork.Tests.csproj", "{1C2E5371-9B8A-4445-B015-32FD719FAE87}"
EndProject
Project("{FAE04EC0-301F-11D3-BF4B-00C04F79EFBC}") = "SteamPosters.Matching", "..\SteamPosters.Matching\SteamPosters.Matching.csproj", "{3E3957DD-EFEF-4644-980F-048BF1411DA3}"
EndProject
Project("{FAE04EC0-301F-11D3-BF4B-00C04F79EFBC}") = "SteamPosters.Matching.Tests", "..\SteamPosters.Matching.Tests\SteamPosters.Matching.Tests.csproj", "{49F20AFF-B243-4B71-BF9C-C5AC4A2531A3}"
EndProject
Global
	GlobalSection(SolutionConfigurationPlatforms) = preSolution
		Debug|Any CPU = Debug|Any CPU
		Debug|x64 = Debug|x64
		Debug|x86 = Debug|x86
		Release|Any CPU = Release|Any CPU
		Release|x64 = Release|x64
		Release|x86 = Release|x86
	EndGlobalSection
	GlobalSection(ProjectConfigurationPlatforms) = postSolution
		{E71F1B60-4C00-48AF-9DC1-737B71E1DB59}.Debug|Any CPU.ActiveCfg = Debug|Any CPU
		{E71F1B60-4C00-48AF-9DC1-737B71E1DB59}.Debug|Any CPU.Build.0 = Debug|Any CPU
		{E71F1B60-4C00-48AF-9DC1-737B71E1DB59}.Debug|x64.ActiveCfg = Debug|Any CPU
		{E71F1B60-4C00-48AF-9DC1-737B71E1DB59}.Debug|x64.Build.0 = Debug|Any CPU
		{E71F1B60-4C00-48AF-9DC1-737B71E1DB59}.Debug|x86.ActiveCfg = Debug|Any CPU
		{E71F1B60-4C00-48AF-9DC1-737B71E1DB59}.Debug|x86.Build.0 = Debug|Any CPU
		{E71F1B60-4C00-48AF-9DC1-737B71E1DB59}.Release|Any CPU.ActiveCfg = Release|Any CPU
		{E71F1B60-4C00-48AF-9DC1-737B71E1DB59}.Release|Any CPU.Build.0 = Release|Any CPU
		{E71F1B60-4C00-48AF-9DC1-737B71E1DB59}.Release|x64.ActiveCfg = Release|Any CPU
		{E71F1B60-4C00-48AF-9DC1-737B71E1DB59}.Release|x64.Build.0 = Release|Any CPU
		{E71F1B60-4C00-48AF-9DC1-737B71E1DB59}.Release|x86.ActiveCfg = Release|Any CPU
		{E71F1B60-4C00-48AF-9DC1-737B71E1DB59}.Release|x86.Build.0 = Release|Any CPU
		{FCD872A2-748A-40AC-88D2-AE9118DC6A66}.Debug|Any CPU.ActiveCfg = Debug|Any CPU
		{FCD872A2-748A-40AC-88D2-AE9118DC6A66}.Debug|Any CPU.Build.0 = Debug|Any CPU
		{FCD872A2-748A-40AC-88D2-AE9118DC6A66}.Debug|x64.ActiveCfg = Debug|Any CPU
		{FCD872A2-748A-40AC-88D2-AE9118DC6A66}.Debug|x64.Build.0 = Debug|Any CPU
		{FCD872A2-748A-40AC-88D2-AE9118DC6A66}.Debug|x86.ActiveCfg = Debug|Any CPU
		{FCD872A2-748A-40AC-88D2-AE9118DC6A66}.Debug|x86.Build.0 = Debug|Any CPU
		{FCD872A2-748A-40AC-88D2-AE9118DC6A66}.Release|Any CPU.ActiveCfg = Release|Any CPU
		{FCD872A2-748A-40AC-88D2-AE9118DC6A66}.Release|Any CPU.Build.0 = Release|Any CPU
		{FCD872A2-748A-40AC-88D2-AE9118DC6A66}.Release|x64.ActiveCfg = Release|Any CPU
		{FCD872A2-748A-40AC-88D2-AE9118DC6A66}.Release|x64.Build.0 = Release|Any CPU
		{FCD872A2-748A-40AC-88D2-AE9118DC6A66}.Release|x86.ActiveCfg = Release|Any CPU
		{FCD872A2-748A-40AC-88D2-AE9118DC6A66}.Release|x86.Build.0 = Release|Any CPU
		{07D1F550-1F50-4235-B865-B0A308A274EA}.Debug|Any CPU.ActiveCfg = Debug|Any CPU
		{07D1F550-1F50-4235-B865-B0A308A274EA}.Debug|Any CPU.Build.0 = Debug|Any CPU
		{07D1F550-1F50-4235-B865-B0A308A274EA}.Debug|x64.ActiveCfg = Debug|Any CPU
		{07D1F550-1F50-4235-B865-B0A308A274EA}.Debug|x64.Build.0 = Debug|Any CPU
		{07D1F550-1F50-4235-B865-B0A308A274EA}.Debug|x86.ActiveCfg = Debug|Any CPU
		{07D1F550-1F50-4235-B865-B0A308A274EA}.Debug|x86.Build.0 = Debug|Any CPU
		{07D1F550-1F50-4235-B865-B0A308A274EA}.Release|Any CPU.ActiveCfg = Release|Any CPU
		{07D1F550-1F50-4235-B865-B0A308A274EA}.Release|Any CPU.Build.0 = Release|Any CPU
		{07D1F550-1F50-4235-B865-B0A308A274EA}.Release|x64.ActiveCfg = Release|Any CPU
		{07D1F550-1F50-4235-B865-B0A308A274EA}.Release|x64.Build.0 = Release|Any CPU
		{07D1F550-1F50-4235-B865-B0A308A274EA}.Release|x86.ActiveCfg = Release|Any CPU
		{07D1F550-1F50-4235-B865-B0A308A274EA}.Release|x86.Build.0 = Release|Any CPU
		{4B8AC9EF-F53F-4194-A2E7-E3E82A323060}.Debug|Any CPU.ActiveCfg = Debug|Any CPU
		{4B8AC9EF-F53F-4194-A2E7-E3E82A323060}.Debug|Any CPU.Build.0 = Debug|Any CPU
		{4B8AC9EF-F53F-4194-A2E7-E3E82A323060}.Debug|x64.ActiveCfg = Debug|Any CPU
		{4B8AC9EF-F53F-4194-A2E7-E3E82A323060}.Debug|x64.Build.0 = Debug|Any CPU
		{4B8AC9EF-F53F-4194-A2E7-E3E82A323060}.Debug|x86.ActiveCfg = Debug|Any CPU
		{4B8AC9EF-F53F-4194-A2E7-E3E82A323060}.Debug|x86.Build.0 = Debug|Any CPU
		{4B8AC9EF-F53F-4194-A2E7-E3E82A323060}.Release|Any CPU.ActiveCfg = Release|Any CPU
		{4B8AC9EF-F53F-4194-A2E7-E3E82A323060}.Release|Any CPU.Build.0 = Release|Any CPU
		{4B8AC9EF-F53F-4194-A2E7-E3E82A323060}.Release|x64.ActiveCfg = Release|Any CPU
		{4B8AC9EF-F53F-4194-A2E7-E3E82A323060}.Release|x64.Build.0 = Release|Any CPU
		{4B8AC9EF-F53F-4194-A2E7-E3E82A323060}.Release|x86.ActiveCfg = Release|Any CPU
		{4B8AC9EF-F53F-4194-A2E7-E3E82A323060}.Release|x86.Build.0 = Release|Any CPU
		{1C2E5371-9B8A-4445-B015-32FD719FAE87}.Debug|Any CPU.ActiveCfg = Debug|Any CPU
		{1C2E5371-9B8A-4445-B015-32FD719FAE87}.Debug|Any CPU.Build.0 = Debug|Any CPU
		{1C2E5371-9B8A-4445-B015-32FD719FAE87}.Debug|x64.ActiveCfg = Debug|Any CPU
		{1C2E5371-9B8A-4445-B015-32FD719FAE87}.Debug|x64.Build.0 = Debug|Any CPU
		{1C2E5371-9B8A-4445-B015-32FD719FAE87}.Debug|x86.ActiveCfg = Debug|Any CPU
		{1C2E5371-9B8A-4445-B015-32FD719FAE87}.Debug|x86.Build.0 = Debug|Any CPU
		{1C2E5371-9B8A-4445-B015-32FD719FAE87}.Release|Any CPU.ActiveCfg = Release|Any CPU
		{1C2E5371-9B8A-4445-B015-32FD719FAE87}.Release|Any CPU.Build.0 = Release|Any CPU
		{1C2E5371-9B8A-4445-B015-32FD719FAE87}.Release|x64.ActiveCfg = Release|Any CPU
		{1C2E5371-9B8A-4445-B015-32FD719FAE87}.Release|x64.Build.0 = Release|Any CPU
		{1C2E5371-9B8A-4445-B015-32FD719FAE87}.Release|x86.ActiveCfg = Release|Any CPU
		{1C2E5371-9B8A-4445-B015-32FD719FAE87}.Release|x86.Build.0 = Release|Any CPU
		{3E3957DD-EFEF-4644-980F-048BF1411DA3}.Debug|Any CPU.ActiveCfg = Debug|Any CPU
		{3E3957DD-EFEF-4644-980F-048BF1411DA3}.Debug|Any CPU.Build.0 = Debug|Any CPU
		{3E3957DD-EFEF-4644-980F-048BF1411DA3}.Debug|x64.ActiveCfg = Debug|Any CPU
		{3E3957DD-EFEF-4644-980F-048BF1411DA3}.Debug|x64.Build.0 = Debug|Any CPU
		{3E3957DD-EFEF-4644-980F-048BF1411DA3}.Debug|x86.ActiveCfg = Debug|Any CPU
		{3E3957DD-EFEF-4644-980F-048BF1411DA3}.Debug|x86.Build.0 = Debug|Any CPU
		{3E3957DD-EFEF-4644-980F-048BF1411DA3}.Release|Any CPU.ActiveCfg = Release|Any CPU
		{3E3957DD-EFEF-4644-980F-048BF1411DA3}.Release|Any CPU.Build.0 = Release|Any CPU
		{3E3957DD-EFEF-4644-980F-048BF1411DA3}.Release|x64.ActiveCfg = Release|Any CPU
		{3E3957DD-EFEF-4644-980F-048BF1411DA3}.Release|x64.Build.0 = Release|Any CPU
		{3E3957DD-EFEF-4644-980F-048BF1411DA3}.Release|x86.ActiveCfg = Release|Any CPU
		{3E3957DD-EFEF-4644-980F-048BF1411DA3}.Release|x86.Build.0 = Release|Any CPU
		{49F20AFF-B243-4B71-BF9C-C5AC4A2531A3}.Debug|Any CPU.ActiveCfg = Debug|Any CPU
		{49F20AFF-B243-4B71-BF9C-C5AC4A2531A3}.Debug|Any CPU.Build.0 = Debug|Any CPU
		{49F20AFF-B243-4B71-BF9C-C5AC4A2531A3}.Debug|x64.ActiveCfg = Debug|Any CPU
		{49F20AFF-B243-4B71-BF9C-C5AC4A2531A3}.Debug|x64.Build.0 = Debug|Any CPU
		{49F20AFF-B243-4B71-BF9C-C5AC4A2531A3}.Debug|x86.ActiveCfg = Debug|Any CPU
		{49F20AFF-B243-4B71-BF9C-C5AC4A2531A3}.Debug|x86.Build.0 = Debug|Any CPU
		{49F20AFF-B243-4B71-BF9C-C5AC4A2531A3}.Release|Any CPU.ActiveCfg = Release|Any CPU
		{49F20AFF-B243-4B71-BF9C-C5AC4A2531A3}.Release|Any CPU.Build.0 = Release|Any CPU
		{49F20AFF-B243-4B71-BF9C-C5AC4A2531A3}.Release|x64.ActiveCfg = Release|Any CPU
		{49F20AFF-B243-4B71-BF9C-C5AC4A2531A3}.Release|x64.Build.0 = Release|Any CPU
		{49F20AFF-B243-4B71-BF9C-C5AC4A2531A3}.Release|x86.ActiveCfg = Release|Any CPU
		{49F20AFF-B243-4B71-BF9C-C5AC4A2531A3}.Release|x86.Build.0 = Release|Any CPU
	EndGlobalSection
	GlobalSection(SolutionProperties) = preSolution
		HideSolutionNode = FALSE
	EndGlobalSection
	GlobalSection(ExtensibilityGlobals) = postSolution
		SolutionGuid = {6191F962-01C3-491A-AC36-5A1668E8F057}
	EndGlobalSection
EndGlobal
